
Microsoft Visual Studio Solution File, Format Version 12.00
# Visual Studio Version 17
VisualStudioVersion = 17.4.33403.182
MinimumVisualStudioVersion = 10.0.40219.1
Project("{FAE04EC0-301F-11D3-BF4B-00C04F79EFBC}") = "OrleansURLShortener", "OrleansURLShortener\OrleansURLShortener.csproj", "{EE02465B-E809-4A66-A9E6-F05B7C9C7F76}"
EndProject
Global
	GlobalSection(SolutionConfigurationPlatforms) = preSolution
		Debug|Any CPU = Debug|Any CPU
		Release|Any CPU = Release|Any CPU
	EndGlobalSection
	GlobalSection(ProjectConfigurationPlatforms) = postSolution
		{EE02465B-E809-4A66-A9E6-F05B7C9C7F76}.Debug|Any CPU.ActiveCfg = Debug|Any CPU
		{EE02465B-E809-4A66-A9E6-F05B7C9C7F76}.Debug|Any CPU.Build.0 = Debug|Any CPU
		{EE02465B-E809-4A66-A9E6-F05B7C9C7F76}.Release|Any CPU.ActiveCfg = Release|Any CPU
		{EE02465B-E809-4A66-A9E6-F05B7C9C7F76}.Release|Any CPU.Build.0 = Release|Any CPU
	EndGlobalSection
	GlobalSection(SolutionProperties) = preSolution
		HideSolutionNode = FALSE
	EndGlobalSection
	GlobalSection(ExtensibilityGlobals) = postSolution
		SolutionGuid = {BE5B6A41-607F-48A4-8444-AEE75205683C}
	EndGlobalSection
EndGlobal
